// !$*UTF8*$!
{
	archiveVersion = 1;
	classes = {
	};
	objectVersion = 55;
	objects = {

/* Begin PBXBuildFile section */
		11E440AA28438FE9003111B1 /* AppDelegate.swift in Sources */ = {isa = PBXBuildFile; fileRef = 11E440A928438FE9003111B1 /* AppDelegate.swift */; };
		11E440B328438FEB003111B1 /* Assets.xcassets in Resources */ = {isa = PBXBuildFile; fileRef = 11E440B228438FEB003111B1 /* Assets.xcassets */; };
		11E440B628438FEB003111B1 /* LaunchScreen.storyboard in Resources */ = {isa = PBXBuildFile; fileRef = 11E440B428438FEB003111B1 /* LaunchScreen.storyboard */; };
		11E440C228448025003111B1 /* Localization.strings in Resources */ = {isa = PBXBuildFile; fileRef = 11E440C428448025003111B1 /* Localization.strings */; };
		11E440C82844806B003111B1 /* String.swift in Sources */ = {isa = PBXBuildFile; fileRef = 11E440C72844806B003111B1 /* String.swift */; };
		11E440DB28448AA5003111B1 /* MainCoordinator.swift in Sources */ = {isa = PBXBuildFile; fileRef = 11E440CC28448AA5003111B1 /* MainCoordinator.swift */; };
		11E440DC28448AA5003111B1 /* MainCoordinatorFactorIMP.swift in Sources */ = {isa = PBXBuildFile; fileRef = 11E440CF28448AA5003111B1 /* MainCoordinatorFactorIMP.swift */; };
		11E440DD28448AA5003111B1 /* CoordinatorFactory.swift in Sources */ = {isa = PBXBuildFile; fileRef = 11E440D028448AA5003111B1 /* CoordinatorFactory.swift */; };
		11E440DE28448AA5003111B1 /* MainScreenFactoryIMP.swift in Sources */ = {isa = PBXBuildFile; fileRef = 11E440D228448AA5003111B1 /* MainScreenFactoryIMP.swift */; };
		11E440DF28448AA5003111B1 /* ScreenFactory.swift in Sources */ = {isa = PBXBuildFile; fileRef = 11E440D328448AA5003111B1 /* ScreenFactory.swift */; };
		11E440E028448AA6003111B1 /* Coordinator.swift in Sources */ = {isa = PBXBuildFile; fileRef = 11E440D428448AA5003111B1 /* Coordinator.swift */; };
		11E440E128448AA6003111B1 /* Presentable.swift in Sources */ = {isa = PBXBuildFile; fileRef = 11E440D628448AA5003111B1 /* Presentable.swift */; };
		11E440E228448AA6003111B1 /* Router.swift in Sources */ = {isa = PBXBuildFile; fileRef = 11E440D728448AA5003111B1 /* Router.swift */; };
		11E440E328448AA6003111B1 /* MainRouterIMP.swift in Sources */ = {isa = PBXBuildFile; fileRef = 11E440D828448AA5003111B1 /* MainRouterIMP.swift */; };
		11E440E528448AA6003111B1 /* IntroCoordinator.swift in Sources */ = {isa = PBXBuildFile; fileRef = 11E440DA28448AA5003111B1 /* IntroCoordinator.swift */; };
		11E440EB28448B2E003111B1 /* IntroPresenter.swift in Sources */ = {isa = PBXBuildFile; fileRef = 11E440E728448B2D003111B1 /* IntroPresenter.swift */; };
		11E440EC28448B2E003111B1 /* IntroViewController.swift in Sources */ = {isa = PBXBuildFile; fileRef = 11E440E828448B2D003111B1 /* IntroViewController.swift */; };
		11E440ED28448B2E003111B1 /* IntroPresenterIMP.swift in Sources */ = {isa = PBXBuildFile; fileRef = 11E440E928448B2D003111B1 /* IntroPresenterIMP.swift */; };
		11E440EE28448B2E003111B1 /* IntroViewController.xib in Resources */ = {isa = PBXBuildFile; fileRef = 11E440EA28448B2D003111B1 /* IntroViewController.xib */; };
		11E440F028448C0B003111B1 /* Presenter.swift in Sources */ = {isa = PBXBuildFile; fileRef = 11E440EF28448C0B003111B1 /* Presenter.swift */; };
		11E440F428449576003111B1 /* LiveTweetsViewController.swift in Sources */ = {isa = PBXBuildFile; fileRef = 11E440F228449576003111B1 /* LiveTweetsViewController.swift */; };
		11E440F528449576003111B1 /* LiveTweetsViewController.xib in Resources */ = {isa = PBXBuildFile; fileRef = 11E440F328449576003111B1 /* LiveTweetsViewController.xib */; };
		11E440F728449766003111B1 /* LiveTweetsPresenter.swift in Sources */ = {isa = PBXBuildFile; fileRef = 11E440F628449766003111B1 /* LiveTweetsPresenter.swift */; };
		11E440F92844977B003111B1 /* LiveTweetsPresenterIMP.swift in Sources */ = {isa = PBXBuildFile; fileRef = 11E440F82844977B003111B1 /* LiveTweetsPresenterIMP.swift */; };
		11E440FD28449931003111B1 /* LiveTweetsService.swift in Sources */ = {isa = PBXBuildFile; fileRef = 11E440FC28449931003111B1 /* LiveTweetsService.swift */; };
		11E4410128449AF8003111B1 /* LiveTweetsCoordinator.swift in Sources */ = {isa = PBXBuildFile; fileRef = 11E4410028449AF8003111B1 /* LiveTweetsCoordinator.swift */; };
		11E441032844A499003111B1 /* BaseViewController.swift in Sources */ = {isa = PBXBuildFile; fileRef = 11E441022844A499003111B1 /* BaseViewController.swift */; };
		11E4410D2844B570003111B1 /* TableViewHelper.swift in Sources */ = {isa = PBXBuildFile; fileRef = 11E441052844B56F003111B1 /* TableViewHelper.swift */; };
		11E4410E2844B570003111B1 /* TableViewDataSource.swift in Sources */ = {isa = PBXBuildFile; fileRef = 11E441062844B56F003111B1 /* TableViewDataSource.swift */; };
		11E4410F2844B570003111B1 /* TableViewSection.swift in Sources */ = {isa = PBXBuildFile; fileRef = 11E441072844B56F003111B1 /* TableViewSection.swift */; };
		11E441102844B570003111B1 /* TableViewCellModel.swift in Sources */ = {isa = PBXBuildFile; fileRef = 11E441082844B570003111B1 /* TableViewCellModel.swift */; };
		11E441112844B570003111B1 /* TableViewSectionModel.swift in Sources */ = {isa = PBXBuildFile; fileRef = 11E441092844B570003111B1 /* TableViewSectionModel.swift */; };
		11E441122844B570003111B1 /* TableViewHeaderSection.swift in Sources */ = {isa = PBXBuildFile; fileRef = 11E4410A2844B570003111B1 /* TableViewHeaderSection.swift */; };
		11E441132844B570003111B1 /* TableViewModel.swift in Sources */ = {isa = PBXBuildFile; fileRef = 11E4410B2844B570003111B1 /* TableViewModel.swift */; };
		11E441142844B570003111B1 /* TableViewFooterSectionModel.swift in Sources */ = {isa = PBXBuildFile; fileRef = 11E4410C2844B570003111B1 /* TableViewFooterSectionModel.swift */; };
		11E441172844B6CE003111B1 /* LiveTweetsViewModel.swift in Sources */ = {isa = PBXBuildFile; fileRef = 11E441162844B6CE003111B1 /* LiveTweetsViewModel.swift */; };
		11E441192844B6E6003111B1 /* TweetCellViewModel.swift in Sources */ = {isa = PBXBuildFile; fileRef = 11E441182844B6E6003111B1 /* TweetCellViewModel.swift */; };
		11E4411C2844BC4F003111B1 /* Tweet.swift in Sources */ = {isa = PBXBuildFile; fileRef = 11E4411B2844BC4F003111B1 /* Tweet.swift */; };
		11E441202844C4A6003111B1 /* TweetTableViewCell.swift in Sources */ = {isa = PBXBuildFile; fileRef = 11E4411E2844C4A6003111B1 /* TweetTableViewCell.swift */; };
		11E441212844C4A6003111B1 /* TweetTableViewCell.xib in Resources */ = {isa = PBXBuildFile; fileRef = 11E4411F2844C4A6003111B1 /* TweetTableViewCell.xib */; };
		11E441252844DB79003111B1 /* TweetDetailViewController.swift in Sources */ = {isa = PBXBuildFile; fileRef = 11E441232844DB79003111B1 /* TweetDetailViewController.swift */; };
		11E441262844DB79003111B1 /* TweetDetailViewController.xib in Resources */ = {isa = PBXBuildFile; fileRef = 11E441242844DB79003111B1 /* TweetDetailViewController.xib */; };
		11E441282844DBE7003111B1 /* TweetDetailPresenter.swift in Sources */ = {isa = PBXBuildFile; fileRef = 11E441272844DBE7003111B1 /* TweetDetailPresenter.swift */; };
		11E4412A2844DC2C003111B1 /* TweetDetailPresenterIMP.swift in Sources */ = {isa = PBXBuildFile; fileRef = 11E441292844DC2C003111B1 /* TweetDetailPresenterIMP.swift */; };
/* End PBXBuildFile section */

/* Begin PBXFileReference section */
		11E440A628438FE9003111B1 /* TwitterStreaming.app */ = {isa = PBXFileReference; explicitFileType = wrapper.application; includeInIndex = 0; path = TwitterStreaming.app; sourceTree = BUILT_PRODUCTS_DIR; };
		11E440A928438FE9003111B1 /* AppDelegate.swift */ = {isa = PBXFileReference; lastKnownFileType = sourcecode.swift; path = AppDelegate.swift; sourceTree = "<group>"; };
		11E440B228438FEB003111B1 /* Assets.xcassets */ = {isa = PBXFileReference; lastKnownFileType = folder.assetcatalog; path = Assets.xcassets; sourceTree = "<group>"; };
		11E440B528438FEB003111B1 /* Base */ = {isa = PBXFileReference; lastKnownFileType = file.storyboard; name = Base; path = Base.lproj/LaunchScreen.storyboard; sourceTree = "<group>"; };
		11E440B728438FEB003111B1 /* Info.plist */ = {isa = PBXFileReference; lastKnownFileType = text.plist.xml; path = Info.plist; sourceTree = "<group>"; };
		11E440C328448025003111B1 /* en */ = {isa = PBXFileReference; lastKnownFileType = text.plist.strings; name = en; path = en.lproj/Localization.strings; sourceTree = "<group>"; };
		11E440C72844806B003111B1 /* String.swift */ = {isa = PBXFileReference; lastKnownFileType = sourcecode.swift; path = String.swift; sourceTree = "<group>"; };
		11E440CC28448AA5003111B1 /* MainCoordinator.swift */ = {isa = PBXFileReference; fileEncoding = 4; lastKnownFileType = sourcecode.swift; path = MainCoordinator.swift; sourceTree = "<group>"; };
		11E440CF28448AA5003111B1 /* MainCoordinatorFactorIMP.swift */ = {isa = PBXFileReference; fileEncoding = 4; lastKnownFileType = sourcecode.swift; path = MainCoordinatorFactorIMP.swift; sourceTree = "<group>"; };
		11E440D028448AA5003111B1 /* CoordinatorFactory.swift */ = {isa = PBXFileReference; fileEncoding = 4; lastKnownFileType = sourcecode.swift; path = CoordinatorFactory.swift; sourceTree = "<group>"; };
		11E440D228448AA5003111B1 /* MainScreenFactoryIMP.swift */ = {isa = PBXFileReference; fileEncoding = 4; lastKnownFileType = sourcecode.swift; path = MainScreenFactoryIMP.swift; sourceTree = "<group>"; };
		11E440D328448AA5003111B1 /* ScreenFactory.swift */ = {isa = PBXFileReference; fileEncoding = 4; lastKnownFileType = sourcecode.swift; path = ScreenFactory.swift; sourceTree = "<group>"; };
		11E440D428448AA5003111B1 /* Coordinator.swift */ = {isa = PBXFileReference; fileEncoding = 4; lastKnownFileType = sourcecode.swift; path = Coordinator.swift; sourceTree = "<group>"; };
		11E440D628448AA5003111B1 /* Presentable.swift */ = {isa = PBXFileReference; fileEncoding = 4; lastKnownFileType = sourcecode.swift; path = Presentable.swift; sourceTree = "<group>"; };
		11E440D728448AA5003111B1 /* Router.swift */ = {isa = PBXFileReference; fileEncoding = 4; lastKnownFileType = sourcecode.swift; path = Router.swift; sourceTree = "<group>"; };
		11E440D828448AA5003111B1 /* MainRouterIMP.swift */ = {isa = PBXFileReference; fileEncoding = 4; lastKnownFileType = sourcecode.swift; path = MainRouterIMP.swift; sourceTree = "<group>"; };
		11E440DA28448AA5003111B1 /* IntroCoordinator.swift */ = {isa = PBXFileReference; fileEncoding = 4; lastKnownFileType = sourcecode.swift; path = IntroCoordinator.swift; sourceTree = "<group>"; };
		11E440E728448B2D003111B1 /* IntroPresenter.swift */ = {isa = PBXFileReference; fileEncoding = 4; lastKnownFileType = sourcecode.swift; path = IntroPresenter.swift; sourceTree = "<group>"; };
		11E440E828448B2D003111B1 /* IntroViewController.swift */ = {isa = PBXFileReference; fileEncoding = 4; lastKnownFileType = sourcecode.swift; path = IntroViewController.swift; sourceTree = "<group>"; };
		11E440E928448B2D003111B1 /* IntroPresenterIMP.swift */ = {isa = PBXFileReference; fileEncoding = 4; lastKnownFileType = sourcecode.swift; path = IntroPresenterIMP.swift; sourceTree = "<group>"; };
		11E440EA28448B2D003111B1 /* IntroViewController.xib */ = {isa = PBXFileReference; fileEncoding = 4; lastKnownFileType = file.xib; path = IntroViewController.xib; sourceTree = "<group>"; };
		11E440EF28448C0B003111B1 /* Presenter.swift */ = {isa = PBXFileReference; lastKnownFileType = sourcecode.swift; path = Presenter.swift; sourceTree = "<group>"; };
		11E440F228449576003111B1 /* LiveTweetsViewController.swift */ = {isa = PBXFileReference; lastKnownFileType = sourcecode.swift; path = LiveTweetsViewController.swift; sourceTree = "<group>"; };
		11E440F328449576003111B1 /* LiveTweetsViewController.xib */ = {isa = PBXFileReference; lastKnownFileType = file.xib; path = LiveTweetsViewController.xib; sourceTree = "<group>"; };
		11E440F628449766003111B1 /* LiveTweetsPresenter.swift */ = {isa = PBXFileReference; lastKnownFileType = sourcecode.swift; path = LiveTweetsPresenter.swift; sourceTree = "<group>"; };
		11E440F82844977B003111B1 /* LiveTweetsPresenterIMP.swift */ = {isa = PBXFileReference; lastKnownFileType = sourcecode.swift; path = LiveTweetsPresenterIMP.swift; sourceTree = "<group>"; };
		11E440FC28449931003111B1 /* LiveTweetsService.swift */ = {isa = PBXFileReference; lastKnownFileType = sourcecode.swift; path = LiveTweetsService.swift; sourceTree = "<group>"; };
		11E4410028449AF8003111B1 /* LiveTweetsCoordinator.swift */ = {isa = PBXFileReference; lastKnownFileType = sourcecode.swift; path = LiveTweetsCoordinator.swift; sourceTree = "<group>"; };
		11E441022844A499003111B1 /* BaseViewController.swift */ = {isa = PBXFileReference; lastKnownFileType = sourcecode.swift; path = BaseViewController.swift; sourceTree = "<group>"; };
		11E441052844B56F003111B1 /* TableViewHelper.swift */ = {isa = PBXFileReference; fileEncoding = 4; lastKnownFileType = sourcecode.swift; path = TableViewHelper.swift; sourceTree = "<group>"; };
		11E441062844B56F003111B1 /* TableViewDataSource.swift */ = {isa = PBXFileReference; fileEncoding = 4; lastKnownFileType = sourcecode.swift; path = TableViewDataSource.swift; sourceTree = "<group>"; };
		11E441072844B56F003111B1 /* TableViewSection.swift */ = {isa = PBXFileReference; fileEncoding = 4; lastKnownFileType = sourcecode.swift; path = TableViewSection.swift; sourceTree = "<group>"; };
		11E441082844B570003111B1 /* TableViewCellModel.swift */ = {isa = PBXFileReference; fileEncoding = 4; lastKnownFileType = sourcecode.swift; path = TableViewCellModel.swift; sourceTree = "<group>"; };
		11E441092844B570003111B1 /* TableViewSectionModel.swift */ = {isa = PBXFileReference; fileEncoding = 4; lastKnownFileType = sourcecode.swift; path = TableViewSectionModel.swift; sourceTree = "<group>"; };
		11E4410A2844B570003111B1 /* TableViewHeaderSection.swift */ = {isa = PBXFileReference; fileEncoding = 4; lastKnownFileType = sourcecode.swift; path = TableViewHeaderSection.swift; sourceTree = "<group>"; };
		11E4410B2844B570003111B1 /* TableViewModel.swift */ = {isa = PBXFileReference; fileEncoding = 4; lastKnownFileType = sourcecode.swift; path = TableViewModel.swift; sourceTree = "<group>"; };
		11E4410C2844B570003111B1 /* TableViewFooterSectionModel.swift */ = {isa = PBXFileReference; fileEncoding = 4; lastKnownFileType = sourcecode.swift; path = TableViewFooterSectionModel.swift; sourceTree = "<group>"; };
		11E441162844B6CE003111B1 /* LiveTweetsViewModel.swift */ = {isa = PBXFileReference; lastKnownFileType = sourcecode.swift; path = LiveTweetsViewModel.swift; sourceTree = "<group>"; };
		11E441182844B6E6003111B1 /* TweetCellViewModel.swift */ = {isa = PBXFileReference; lastKnownFileType = sourcecode.swift; path = TweetCellViewModel.swift; sourceTree = "<group>"; };
		11E4411B2844BC4F003111B1 /* Tweet.swift */ = {isa = PBXFileReference; lastKnownFileType = sourcecode.swift; path = Tweet.swift; sourceTree = "<group>"; };
		11E4411E2844C4A6003111B1 /* TweetTableViewCell.swift */ = {isa = PBXFileReference; lastKnownFileType = sourcecode.swift; path = TweetTableViewCell.swift; sourceTree = "<group>"; };
		11E4411F2844C4A6003111B1 /* TweetTableViewCell.xib */ = {isa = PBXFileReference; lastKnownFileType = file.xib; path = TweetTableViewCell.xib; sourceTree = "<group>"; };
		11E441232844DB79003111B1 /* TweetDetailViewController.swift */ = {isa = PBXFileReference; lastKnownFileType = sourcecode.swift; path = TweetDetailViewController.swift; sourceTree = "<group>"; };
		11E441242844DB79003111B1 /* TweetDetailViewController.xib */ = {isa = PBXFileReference; lastKnownFileType = file.xib; path = TweetDetailViewController.xib; sourceTree = "<group>"; };
		11E441272844DBE7003111B1 /* TweetDetailPresenter.swift */ = {isa = PBXFileReference; lastKnownFileType = sourcecode.swift; path = TweetDetailPresenter.swift; sourceTree = "<group>"; };
		11E441292844DC2C003111B1 /* TweetDetailPresenterIMP.swift */ = {isa = PBXFileReference; lastKnownFileType = sourcecode.swift; path = TweetDetailPresenterIMP.swift; sourceTree = "<group>"; };
/* End PBXFileReference section */

/* Begin PBXFrameworksBuildPhase section */
		11E440A328438FE9003111B1 /* Frameworks */ = {
			isa = PBXFrameworksBuildPhase;
			buildActionMask = 2147483647;
			files = (
			);
			runOnlyForDeploymentPostprocessing = 0;
		};
/* End PBXFrameworksBuildPhase section */

/* Begin PBXGroup section */
		11E4409D28438FE9003111B1 = {
			isa = PBXGroup;
			children = (
				11E440A828438FE9003111B1 /* TwitterStreaming */,
				11E440A728438FE9003111B1 /* Products */,
			);
			sourceTree = "<group>";
		};
		11E440A728438FE9003111B1 /* Products */ = {
			isa = PBXGroup;
			children = (
				11E440A628438FE9003111B1 /* TwitterStreaming.app */,
			);
			name = Products;
			sourceTree = "<group>";
		};
		11E440A828438FE9003111B1 /* TwitterStreaming */ = {
			isa = PBXGroup;
			children = (
				11E4411A2844BC11003111B1 /* Models */,
				11E440C9284480F3003111B1 /* Config */,
				11E440CB28448A7E003111B1 /* Coordinator */,
				11E440C528448043003111B1 /* Helpers */,
				11E440BD28447FE2003111B1 /* Resources */,
				11E440CA28448102003111B1 /* Screens */,
				11E440FA28449906003111B1 /* Services */,
			);
			path = TwitterStreaming;
			sourceTree = "<group>";
		};
		11E440BD28447FE2003111B1 /* Resources */ = {
			isa = PBXGroup;
			children = (
				11E440BF28447FF3003111B1 /* Localization */,
				11E440BE28447FEB003111B1 /* Photos */,
			);
			path = Resources;
			sourceTree = "<group>";
		};
		11E440BE28447FEB003111B1 /* Photos */ = {
			isa = PBXGroup;
			children = (
				11E440B228438FEB003111B1 /* Assets.xcassets */,
			);
			path = Photos;
			sourceTree = "<group>";
		};
		11E440BF28447FF3003111B1 /* Localization */ = {
			isa = PBXGroup;
			children = (
				11E440C428448025003111B1 /* Localization.strings */,
			);
			path = Localization;
			sourceTree = "<group>";
		};
		11E440C528448043003111B1 /* Helpers */ = {
			isa = PBXGroup;
			children = (
				11E441042844B56F003111B1 /* POPTableView */,
				11E440C62844804D003111B1 /* Extension */,
				11E440EF28448C0B003111B1 /* Presenter.swift */,
				11E441022844A499003111B1 /* BaseViewController.swift */,
			);
			path = Helpers;
			sourceTree = "<group>";
		};
		11E440C62844804D003111B1 /* Extension */ = {
			isa = PBXGroup;
			children = (
				11E440C72844806B003111B1 /* String.swift */,
			);
			path = Extension;
			sourceTree = "<group>";
		};
		11E440C9284480F3003111B1 /* Config */ = {
			isa = PBXGroup;
			children = (
				11E440A928438FE9003111B1 /* AppDelegate.swift */,
				11E440B728438FEB003111B1 /* Info.plist */,
			);
			path = Config;
			sourceTree = "<group>";
		};
		11E440CA28448102003111B1 /* Screens */ = {
			isa = PBXGroup;
			children = (
				11E441222844DB0A003111B1 /* TweetDetail */,
				11E440F128449486003111B1 /* LiveTweets */,
				11E440E628448B2D003111B1 /* Intro */,
				11E440B428438FEB003111B1 /* LaunchScreen.storyboard */,
			);
			path = Screens;
			sourceTree = "<group>";
		};
		11E440CB28448A7E003111B1 /* Coordinator */ = {
			isa = PBXGroup;
			children = (
				11E4410028449AF8003111B1 /* LiveTweetsCoordinator.swift */,
				11E440DA28448AA5003111B1 /* IntroCoordinator.swift */,
				11E440CC28448AA5003111B1 /* MainCoordinator.swift */,
				11E440CD28448AA5003111B1 /* Manager */,
			);
			path = Coordinator;
			sourceTree = "<group>";
		};
		11E440CD28448AA5003111B1 /* Manager */ = {
			isa = PBXGroup;
			children = (
				11E440D528448AA5003111B1 /* Router */,
				11E440CE28448AA5003111B1 /* CoordinatorFactory */,
				11E440D128448AA5003111B1 /* ScreenFactory */,
				11E440D428448AA5003111B1 /* Coordinator.swift */,
			);
			path = Manager;
			sourceTree = "<group>";
		};
		11E440CE28448AA5003111B1 /* CoordinatorFactory */ = {
			isa = PBXGroup;
			children = (
				11E440CF28448AA5003111B1 /* MainCoordinatorFactorIMP.swift */,
				11E440D028448AA5003111B1 /* CoordinatorFactory.swift */,
			);
			path = CoordinatorFactory;
			sourceTree = "<group>";
		};
		11E440D128448AA5003111B1 /* ScreenFactory */ = {
			isa = PBXGroup;
			children = (
				11E440D228448AA5003111B1 /* MainScreenFactoryIMP.swift */,
				11E440D328448AA5003111B1 /* ScreenFactory.swift */,
			);
			path = ScreenFactory;
			sourceTree = "<group>";
		};
		11E440D528448AA5003111B1 /* Router */ = {
			isa = PBXGroup;
			children = (
				11E440D628448AA5003111B1 /* Presentable.swift */,
				11E440D728448AA5003111B1 /* Router.swift */,
				11E440D828448AA5003111B1 /* MainRouterIMP.swift */,
			);
			path = Router;
			sourceTree = "<group>";
		};
		11E440E628448B2D003111B1 /* Intro */ = {
			isa = PBXGroup;
			children = (
				11E440E728448B2D003111B1 /* IntroPresenter.swift */,
				11E440E828448B2D003111B1 /* IntroViewController.swift */,
				11E440E928448B2D003111B1 /* IntroPresenterIMP.swift */,
				11E440EA28448B2D003111B1 /* IntroViewController.xib */,
			);
			path = Intro;
			sourceTree = "<group>";
		};
		11E440F128449486003111B1 /* LiveTweets */ = {
			isa = PBXGroup;
			children = (
				11E4411D2844C483003111B1 /* Subviews */,
				11E441152844B697003111B1 /* ViewModel */,
				11E440F628449766003111B1 /* LiveTweetsPresenter.swift */,
				11E440F82844977B003111B1 /* LiveTweetsPresenterIMP.swift */,
				11E440F228449576003111B1 /* LiveTweetsViewController.swift */,
				11E440F328449576003111B1 /* LiveTweetsViewController.xib */,
			);
			path = LiveTweets;
			sourceTree = "<group>";
		};
		11E440FA28449906003111B1 /* Services */ = {
			isa = PBXGroup;
			children = (
				11E440FC28449931003111B1 /* LiveTweetsService.swift */,
			);
			path = Services;
			sourceTree = "<group>";
		};
		11E441042844B56F003111B1 /* POPTableView */ = {
			isa = PBXGroup;
			children = (
				11E441052844B56F003111B1 /* TableViewHelper.swift */,
				11E441062844B56F003111B1 /* TableViewDataSource.swift */,
				11E441072844B56F003111B1 /* TableViewSection.swift */,
				11E441082844B570003111B1 /* TableViewCellModel.swift */,
				11E441092844B570003111B1 /* TableViewSectionModel.swift */,
				11E4410A2844B570003111B1 /* TableViewHeaderSection.swift */,
				11E4410B2844B570003111B1 /* TableViewModel.swift */,
				11E4410C2844B570003111B1 /* TableViewFooterSectionModel.swift */,
			);
			path = POPTableView;
			sourceTree = "<group>";
		};
		11E441152844B697003111B1 /* ViewModel */ = {
			isa = PBXGroup;
			children = (
				11E441162844B6CE003111B1 /* LiveTweetsViewModel.swift */,
				11E441182844B6E6003111B1 /* TweetCellViewModel.swift */,
			);
			path = ViewModel;
			sourceTree = "<group>";
		};
		11E4411A2844BC11003111B1 /* Models */ = {
			isa = PBXGroup;
			children = (
				11E4411B2844BC4F003111B1 /* Tweet.swift */,
			);
			path = Models;
			sourceTree = "<group>";
		};
		11E4411D2844C483003111B1 /* Subviews */ = {
			isa = PBXGroup;
			children = (
				11E4411E2844C4A6003111B1 /* TweetTableViewCell.swift */,
				11E4411F2844C4A6003111B1 /* TweetTableViewCell.xib */,
			);
			path = Subviews;
			sourceTree = "<group>";
		};
		11E441222844DB0A003111B1 /* TweetDetail */ = {
			isa = PBXGroup;
			children = (
				11E441272844DBE7003111B1 /* TweetDetailPresenter.swift */,
				11E441292844DC2C003111B1 /* TweetDetailPresenterIMP.swift */,
				11E441232844DB79003111B1 /* TweetDetailViewController.swift */,
				11E441242844DB79003111B1 /* TweetDetailViewController.xib */,
			);
			path = TweetDetail;
			sourceTree = "<group>";
		};
/* End PBXGroup section */

/* Begin PBXNativeTarget section */
		11E440A528438FE9003111B1 /* TwitterStreaming */ = {
			isa = PBXNativeTarget;
			buildConfigurationList = 11E440BA28438FEB003111B1 /* Build configuration list for PBXNativeTarget "TwitterStreaming" */;
			buildPhases = (
				11E440A228438FE9003111B1 /* Sources */,
				11E440A328438FE9003111B1 /* Frameworks */,
				11E440A428438FE9003111B1 /* Resources */,
			);
			buildRules = (
			);
			dependencies = (
			);
			name = TwitterStreaming;
			productName = TwitterStreaming;
			productReference = 11E440A628438FE9003111B1 /* TwitterStreaming.app */;
			productType = "com.apple.product-type.application";
		};
/* End PBXNativeTarget section */

/* Begin PBXProject section */
		11E4409E28438FE9003111B1 /* Project object */ = {
			isa = PBXProject;
			attributes = {
				BuildIndependentTargetsInParallel = 1;
				LastSwiftUpdateCheck = 1330;
				LastUpgradeCheck = 1330;
				TargetAttributes = {
					11E440A528438FE9003111B1 = {
						CreatedOnToolsVersion = 13.3;
					};
				};
			};
			buildConfigurationList = 11E440A128438FE9003111B1 /* Build configuration list for PBXProject "TwitterStreaming" */;
			compatibilityVersion = "Xcode 13.0";
			developmentRegion = en;
			hasScannedForEncodings = 0;
			knownRegions = (
				en,
				Base,
			);
			mainGroup = 11E4409D28438FE9003111B1;
			productRefGroup = 11E440A728438FE9003111B1 /* Products */;
			projectDirPath = "";
			projectRoot = "";
			targets = (
				11E440A528438FE9003111B1 /* TwitterStreaming */,
			);
		};
/* End PBXProject section */

/* Begin PBXResourcesBuildPhase section */
		11E440A428438FE9003111B1 /* Resources */ = {
			isa = PBXResourcesBuildPhase;
			buildActionMask = 2147483647;
			files = (
				11E441262844DB79003111B1 /* TweetDetailViewController.xib in Resources */,
				11E440B628438FEB003111B1 /* LaunchScreen.storyboard in Resources */,
				11E441212844C4A6003111B1 /* TweetTableViewCell.xib in Resources */,
				11E440EE28448B2E003111B1 /* IntroViewController.xib in Resources */,
				11E440C228448025003111B1 /* Localization.strings in Resources */,
				11E440B328438FEB003111B1 /* Assets.xcassets in Resources */,
				11E440F528449576003111B1 /* LiveTweetsViewController.xib in Resources */,
			);
			runOnlyForDeploymentPostprocessing = 0;
		};
/* End PBXResourcesBuildPhase section */

/* Begin PBXSourcesBuildPhase section */
		11E440A228438FE9003111B1 /* Sources */ = {
			isa = PBXSourcesBuildPhase;
			buildActionMask = 2147483647;
			files = (
				11E440F028448C0B003111B1 /* Presenter.swift in Sources */,
				11E441202844C4A6003111B1 /* TweetTableViewCell.swift in Sources */,
				11E440E228448AA6003111B1 /* Router.swift in Sources */,
				11E440C82844806B003111B1 /* String.swift in Sources */,
				11E440E328448AA6003111B1 /* MainRouterIMP.swift in Sources */,
				11E4410128449AF8003111B1 /* LiveTweetsCoordinator.swift in Sources */,
				11E440F92844977B003111B1 /* LiveTweetsPresenterIMP.swift in Sources */,
				11E440ED28448B2E003111B1 /* IntroPresenterIMP.swift in Sources */,
				11E440DB28448AA5003111B1 /* MainCoordinator.swift in Sources */,
				11E4412A2844DC2C003111B1 /* TweetDetailPresenterIMP.swift in Sources */,
				11E441192844B6E6003111B1 /* TweetCellViewModel.swift in Sources */,
				11E441142844B570003111B1 /* TableViewFooterSectionModel.swift in Sources */,
				11E441122844B570003111B1 /* TableViewHeaderSection.swift in Sources */,
				11E4410D2844B570003111B1 /* TableViewHelper.swift in Sources */,
				11E441112844B570003111B1 /* TableViewSectionModel.swift in Sources */,
				11E441172844B6CE003111B1 /* LiveTweetsViewModel.swift in Sources */,
				11E440F728449766003111B1 /* LiveTweetsPresenter.swift in Sources */,
				11E440DE28448AA5003111B1 /* MainScreenFactoryIMP.swift in Sources */,
				11E440E128448AA6003111B1 /* Presentable.swift in Sources */,
				11E440DC28448AA5003111B1 /* MainCoordinatorFactorIMP.swift in Sources */,
				11E441252844DB79003111B1 /* TweetDetailViewController.swift in Sources */,
				11E441132844B570003111B1 /* TableViewModel.swift in Sources */,
				11E440DD28448AA5003111B1 /* CoordinatorFactory.swift in Sources */,
				11E441032844A499003111B1 /* BaseViewController.swift in Sources */,
				11E4411C2844BC4F003111B1 /* Tweet.swift in Sources */,
				11E441102844B570003111B1 /* TableViewCellModel.swift in Sources */,
				11E441282844DBE7003111B1 /* TweetDetailPresenter.swift in Sources */,
				11E440EB28448B2E003111B1 /* IntroPresenter.swift in Sources */,
				11E440DF28448AA5003111B1 /* ScreenFactory.swift in Sources */,
				11E440AA28438FE9003111B1 /* AppDelegate.swift in Sources */,
				11E4410F2844B570003111B1 /* TableViewSection.swift in Sources */,
				11E4410E2844B570003111B1 /* TableViewDataSource.swift in Sources */,
				11E440F428449576003111B1 /* LiveTweetsViewController.swift in Sources */,
				11E440E028448AA6003111B1 /* Coordinator.swift in Sources */,
				11E440E528448AA6003111B1 /* IntroCoordinator.swift in Sources */,
				11E440EC28448B2E003111B1 /* IntroViewController.swift in Sources */,
				11E440FD28449931003111B1 /* LiveTweetsService.swift in Sources */,
			);
			runOnlyForDeploymentPostprocessing = 0;
		};
/* End PBXSourcesBuildPhase section */

/* Begin PBXVariantGroup section */
		11E440B428438FEB003111B1 /* LaunchScreen.storyboard */ = {
			isa = PBXVariantGroup;
			children = (
				11E440B528438FEB003111B1 /* Base */,
			);
			name = LaunchScreen.storyboard;
			sourceTree = "<group>";
		};
		11E440C428448025003111B1 /* Localization.strings */ = {
			isa = PBXVariantGroup;
			children = (
				11E440C328448025003111B1 /* en */,
			);
			name = Localization.strings;
			sourceTree = "<group>";
		};
/* End PBXVariantGroup section */

/* Begin XCBuildConfiguration section */
		11E440B828438FEB003111B1 /* Debug */ = {
			isa = XCBuildConfiguration;
			buildSettings = {
				ALWAYS_SEARCH_USER_PATHS = NO;
				CLANG_ANALYZER_NONNULL = YES;
				CLANG_ANALYZER_NUMBER_OBJECT_CONVERSION = YES_AGGRESSIVE;
				CLANG_CXX_LANGUAGE_STANDARD = "gnu++17";
				CLANG_ENABLE_MODULES = YES;
				CLANG_ENABLE_OBJC_ARC = YES;
				CLANG_ENABLE_OBJC_WEAK = YES;
				CLANG_WARN_BLOCK_CAPTURE_AUTORELEASING = YES;
				CLANG_WARN_BOOL_CONVERSION = YES;
				CLANG_WARN_COMMA = YES;
				CLANG_WARN_CONSTANT_CONVERSION = YES;
				CLANG_WARN_DEPRECATED_OBJC_IMPLEMENTATIONS = YES;
				CLANG_WARN_DIRECT_OBJC_ISA_USAGE = YES_ERROR;
				CLANG_WARN_DOCUMENTATION_COMMENTS = YES;
				CLANG_WARN_EMPTY_BODY = YES;
				CLANG_WARN_ENUM_CONVERSION = YES;
				CLANG_WARN_INFINITE_RECURSION = YES;
				CLANG_WARN_INT_CONVERSION = YES;
				CLANG_WARN_NON_LITERAL_NULL_CONVERSION = YES;
				CLANG_WARN_OBJC_IMPLICIT_RETAIN_SELF = YES;
				CLANG_WARN_OBJC_LITERAL_CONVERSION = YES;
				CLANG_WARN_OBJC_ROOT_CLASS = YES_ERROR;
				CLANG_WARN_QUOTED_INCLUDE_IN_FRAMEWORK_HEADER = YES;
				CLANG_WARN_RANGE_LOOP_ANALYSIS = YES;
				CLANG_WARN_STRICT_PROTOTYPES = YES;
				CLANG_WARN_SUSPICIOUS_MOVE = YES;
				CLANG_WARN_UNGUARDED_AVAILABILITY = YES_AGGRESSIVE;
				CLANG_WARN_UNREACHABLE_CODE = YES;
				CLANG_WARN__DUPLICATE_METHOD_MATCH = YES;
				COPY_PHASE_STRIP = NO;
				DEBUG_INFORMATION_FORMAT = dwarf;
				ENABLE_STRICT_OBJC_MSGSEND = YES;
				ENABLE_TESTABILITY = YES;
				GCC_C_LANGUAGE_STANDARD = gnu11;
				GCC_DYNAMIC_NO_PIC = NO;
				GCC_NO_COMMON_BLOCKS = YES;
				GCC_OPTIMIZATION_LEVEL = 0;
				GCC_PREPROCESSOR_DEFINITIONS = (
					"DEBUG=1",
					"$(inherited)",
				);
				GCC_WARN_64_TO_32_BIT_CONVERSION = YES;
				GCC_WARN_ABOUT_RETURN_TYPE = YES_ERROR;
				GCC_WARN_UNDECLARED_SELECTOR = YES;
				GCC_WARN_UNINITIALIZED_AUTOS = YES_AGGRESSIVE;
				GCC_WARN_UNUSED_FUNCTION = YES;
				GCC_WARN_UNUSED_VARIABLE = YES;
				IPHONEOS_DEPLOYMENT_TARGET = 15.4;
				MTL_ENABLE_DEBUG_INFO = INCLUDE_SOURCE;
				MTL_FAST_MATH = YES;
				ONLY_ACTIVE_ARCH = YES;
				SDKROOT = iphoneos;
				SWIFT_ACTIVE_COMPILATION_CONDITIONS = DEBUG;
				SWIFT_OPTIMIZATION_LEVEL = "-Onone";
			};
			name = Debug;
		};
		11E440B928438FEB003111B1 /* Release */ = {
			isa = XCBuildConfiguration;
			buildSettings = {
				ALWAYS_SEARCH_USER_PATHS = NO;
				CLANG_ANALYZER_NONNULL = YES;
				CLANG_ANALYZER_NUMBER_OBJECT_CONVERSION = YES_AGGRESSIVE;
				CLANG_CXX_LANGUAGE_STANDARD = "gnu++17";
				CLANG_ENABLE_MODULES = YES;
				CLANG_ENABLE_OBJC_ARC = YES;
				CLANG_ENABLE_OBJC_WEAK = YES;
				CLANG_WARN_BLOCK_CAPTURE_AUTORELEASING = YES;
				CLANG_WARN_BOOL_CONVERSION = YES;
				CLANG_WARN_COMMA = YES;
				CLANG_WARN_CONSTANT_CONVERSION = YES;
				CLANG_WARN_DEPRECATED_OBJC_IMPLEMENTATIONS = YES;
				CLANG_WARN_DIRECT_OBJC_ISA_USAGE = YES_ERROR;
				CLANG_WARN_DOCUMENTATION_COMMENTS = YES;
				CLANG_WARN_EMPTY_BODY = YES;
				CLANG_WARN_ENUM_CONVERSION = YES;
				CLANG_WARN_INFINITE_RECURSION = YES;
				CLANG_WARN_INT_CONVERSION = YES;
				CLANG_WARN_NON_LITERAL_NULL_CONVERSION = YES;
				CLANG_WARN_OBJC_IMPLICIT_RETAIN_SELF = YES;
				CLANG_WARN_OBJC_LITERAL_CONVERSION = YES;
				CLANG_WARN_OBJC_ROOT_CLASS = YES_ERROR;
				CLANG_WARN_QUOTED_INCLUDE_IN_FRAMEWORK_HEADER = YES;
				CLANG_WARN_RANGE_LOOP_ANALYSIS = YES;
				CLANG_WARN_STRICT_PROTOTYPES = YES;
				CLANG_WARN_SUSPICIOUS_MOVE = YES;
				CLANG_WARN_UNGUARDED_AVAILABILITY = YES_AGGRESSIVE;
				CLANG_WARN_UNREACHABLE_CODE = YES;
				CLANG_WARN__DUPLICATE_METHOD_MATCH = YES;
				COPY_PHASE_STRIP = NO;
				DEBUG_INFORMATION_FORMAT = "dwarf-with-dsym";
				ENABLE_NS_ASSERTIONS = NO;
				ENABLE_STRICT_OBJC_MSGSEND = YES;
				GCC_C_LANGUAGE_STANDARD = gnu11;
				GCC_NO_COMMON_BLOCKS = YES;
				GCC_WARN_64_TO_32_BIT_CONVERSION = YES;
				GCC_WARN_ABOUT_RETURN_TYPE = YES_ERROR;
				GCC_WARN_UNDECLARED_SELECTOR = YES;
				GCC_WARN_UNINITIALIZED_AUTOS = YES_AGGRESSIVE;
				GCC_WARN_UNUSED_FUNCTION = YES;
				GCC_WARN_UNUSED_VARIABLE = YES;
				IPHONEOS_DEPLOYMENT_TARGET = 15.4;
				MTL_ENABLE_DEBUG_INFO = NO;
				MTL_FAST_MATH = YES;
				SDKROOT = iphoneos;
				SWIFT_COMPILATION_MODE = wholemodule;
				SWIFT_OPTIMIZATION_LEVEL = "-O";
				VALIDATE_PRODUCT = YES;
			};
			name = Release;
		};
		11E440BB28438FEB003111B1 /* Debug */ = {
			isa = XCBuildConfiguration;
			buildSettings = {
				ASSETCATALOG_COMPILER_APPICON_NAME = AppIcon;
				ASSETCATALOG_COMPILER_GLOBAL_ACCENT_COLOR_NAME = AccentColor;
				CODE_SIGN_STYLE = Automatic;
				CURRENT_PROJECT_VERSION = 1;
				DEVELOPMENT_TEAM = A5CF5UAFXM;
				GENERATE_INFOPLIST_FILE = YES;
				INFOPLIST_FILE = TwitterStreaming/Config/Info.plist;
				INFOPLIST_KEY_CFBundleDisplayName = "Live Tweets";
				INFOPLIST_KEY_UIApplicationSupportsIndirectInputEvents = YES;
				INFOPLIST_KEY_UILaunchStoryboardName = LaunchScreen;
				INFOPLIST_KEY_UISupportedInterfaceOrientations_iPad = "UIInterfaceOrientationPortrait UIInterfaceOrientationPortraitUpsideDown UIInterfaceOrientationLandscapeLeft UIInterfaceOrientationLandscapeRight";
				INFOPLIST_KEY_UISupportedInterfaceOrientations_iPhone = "UIInterfaceOrientationPortrait UIInterfaceOrientationLandscapeLeft UIInterfaceOrientationLandscapeRight";
				LD_RUNPATH_SEARCH_PATHS = (
					"$(inherited)",
					"@executable_path/Frameworks",
				);
				MARKETING_VERSION = 1.0;
				PRODUCT_BUNDLE_IDENTIFIER = com.snap.twitterstreaming;
				PRODUCT_NAME = "$(TARGET_NAME)";
				SWIFT_EMIT_LOC_STRINGS = YES;
				SWIFT_VERSION = 5.0;
				TARGETED_DEVICE_FAMILY = 1;
			};
			name = Debug;
		};
		11E440BC28438FEB003111B1 /* Release */ = {
			isa = XCBuildConfiguration;
			buildSettings = {
				ASSETCATALOG_COMPILER_APPICON_NAME = AppIcon;
				ASSETCATALOG_COMPILER_GLOBAL_ACCENT_COLOR_NAME = AccentColor;
				CODE_SIGN_STYLE = Automatic;
				CURRENT_PROJECT_VERSION = 1;
				DEVELOPMENT_TEAM = A5CF5UAFXM;
				GENERATE_INFOPLIST_FILE = YES;
				INFOPLIST_FILE = TwitterStreaming/Config/Info.plist;
				INFOPLIST_KEY_CFBundleDisplayName = "Live Tweets";
				INFOPLIST_KEY_UIApplicationSupportsIndirectInputEvents = YES;
				INFOPLIST_KEY_UILaunchStoryboardName = LaunchScreen;
				INFOPLIST_KEY_UISupportedInterfaceOrientations_iPad = "UIInterfaceOrientationPortrait UIInterfaceOrientationPortraitUpsideDown UIInterfaceOrientationLandscapeLeft UIInterfaceOrientationLandscapeRight";
				INFOPLIST_KEY_UISupportedInterfaceOrientations_iPhone = "UIInterfaceOrientationPortrait UIInterfaceOrientationLandscapeLeft UIInterfaceOrientationLandscapeRight";
				LD_RUNPATH_SEARCH_PATHS = (
					"$(inherited)",
					"@executable_path/Frameworks",
				);
				MARKETING_VERSION = 1.0;
				PRODUCT_BUNDLE_IDENTIFIER = com.snap.twitterstreaming;
				PRODUCT_NAME = "$(TARGET_NAME)";
				SWIFT_EMIT_LOC_STRINGS = YES;
				SWIFT_VERSION = 5.0;
				TARGETED_DEVICE_FAMILY = 1;
			};
			name = Release;
		};
/* End XCBuildConfiguration section */

/* Begin XCConfigurationList section */
		11E440A128438FE9003111B1 /* Build configuration list for PBXProject "TwitterStreaming" */ = {
			isa = XCConfigurationList;
			buildConfigurations = (
				11E440B828438FEB003111B1 /* Debug */,
				11E440B928438FEB003111B1 /* Release */,
			);
			defaultConfigurationIsVisible = 0;
			defaultConfigurationName = Release;
		};
		11E440BA28438FEB003111B1 /* Build configuration list for PBXNativeTarget "TwitterStreaming" */ = {
			isa = XCConfigurationList;
			buildConfigurations = (
				11E440BB28438FEB003111B1 /* Debug */,
				11E440BC28438FEB003111B1 /* Release */,
			);
			defaultConfigurationIsVisible = 0;
			defaultConfigurationName = Release;
		};
/* End XCConfigurationList section */
	};
	rootObject = 11E4409E28438FE9003111B1 /* Project object */;
}
